
Microsoft Visual Studio Solution File, Format Version 12.00
# Visual Studio Version 17
VisualStudioVersion = 17.5.002.0
MinimumVisualStudioVersion = 10.0.40219.1
Project("{2150E333-8FDC-42A3-9474-1A3956D46DE8}") = "server", "server", "{D174C91E-A0A5-4A2D-B796-E2623579BB59}"
EndProject

Global
	GlobalSection(SolutionConfigurationPlatforms) = preSolution
		Debug|Any CPU = Debug|Any CPU
		Release|Any CPU = Release|Any CPU
	EndGlobalSection
	GlobalSection(ProjectConfigurationPlatforms) = postSolution
		{4C0A0560-1B5F-483E-9A6B-0669EB557EBB}.Debug|Any CPU.ActiveCfg = Debug|Any CPU
		{4C0A0560-1B5F-483E-9A6B-0669EB557EBB}.Debug|Any CPU.Build.0 = Debug|Any CPU
		{4C0A0560-1B5F-483E-9A6B-0669EB557EBB}.Release|Any CPU.ActiveCfg = Release|Any CPU
		{4C0A0560-1B5F-483E-9A6B-0669EB557EBB}.Release|Any CPU.Build.0 = Release|Any CPU
	EndGlobalSection
	GlobalSection(SolutionProperties) = preSolution
		HideSolutionNode = FALSE
	EndGlobalSection
	GlobalSection(NestedProjects) = preSolution
		{4C0A0560-1B5F-483E-9A6B-0669EB557EBB} = {D174C91E-A0A5-4A2D-B796-E2623579BB59}
	EndGlobalSection
	GlobalSection(ExtensibilityGlobals) = postSolution
		SolutionGuid = {97982306-9B8F-43C4-8C02-5551C0F3B0C1}
	EndGlobalSection
EndGlobal
